{
  "lockfileVersion": 1,
  "configVersion": 0,
  "workspaces": {
    "": {
      "name": "bench-rshono",
      "dependencies": {
        "@rshono/core": "1.0.0-rc.24",
        "hono": "4.13.8",
        "react": "19.2.8",
        "react-dom": "19.2.8",
      },
    },
  },
  "packages": {
    "@emnapi/core": ["@emnapi/core@1.11.3", "", { "dependencies": { "@emnapi/wasi-threads": "1.2.3", "tslib": "^2.4.0" } }, "sha512-zLpS5asjEb7lq8jYLq37N6XKaE41DIexlY1rF/z4/tIl3wo13Sqm28fRyfIsKZD+NZ8mM5RoKkpW/rBcuoSZSg=="],

    "@emnapi/runtime": ["@emnapi/runtime@1.11.3", "", { "dependencies": { "tslib": "^2.4.0" } }, "sha512-Xz4Tpyki7XyrpbUK1jR1AhdAdaXyhhY4lZ3neLodmhpuWfy2PAQN5B46sAiU4liOXGLkHypn/qU+jvfWSCYYLA=="],

    "@emnapi/wasi-threads": ["@emnapi/wasi-threads@1.2.3", "", { "dependencies": { "tslib": "^2.4.0" } }, "sha512-ELEBe8PsLvvJ6QMr0zLt8ffvOHW/dc1m3CEzNMg7aJUv3bMaoDtw2TXyDAwkYBuroxxuHEwhRTLJSe5sya547g=="],

    "@hono/node-server": ["@hono/node-server@2.1.1", "", { "peerDependencies": { "hono": "^4" } }, "sha512-ELuehkj5VCBdgEw9zs+ivkKwyzzUCSQuE96YmiPvn1ECBoZCczbFXJLeEGMTYjphP6gydh4pHMqEYPVMYUVgQg=="],

    "@napi-rs/wasm-runtime": ["@napi-rs/wasm-runtime@1.1.6", "", { "dependencies": { "@tybys/wasm-util": "^0.10.3" }, "peerDependencies": { "@emnapi/core": "^1.7.1", "@emnapi/runtime": "^1.7.1" } }, "sha512-ZLv/JdUfkvOy9eCnnBaGfiO+XimbjebAeO+MRQqD/B+FR1tnRN0tpKSJHRbE8sFfS6aqsXZ67TQjfwfsxULVbg=="],

    "@rshono/core": ["@rshono/core@1.0.0-rc.24", "", { "dependencies": { "@hono/node-server": "^2.1.1", "@rspack/core": "2.2.7", "@rspack/plugin-react-refresh": "2.0.2", "react-refresh": "0.18.0", "react-server-dom-rspack": "0.1.0" }, "peerDependencies": { "hono": "^4.8.0", "react": "^19.1.0", "react-dom": "^19.1.0" }, "bin": { "rshono": "./bin/rshono.mjs" } }, "sha512-BUiV9Buzt+m5zm/s+a/XxSHrxAhO7mE9FjnZCymqtufpuJrA44i0Lrzjp10I4BhDx0+Fp8QLUwcloAcW70qbtw=="],

    "@rspack/binding": ["@rspack/binding@2.2.7", "", { "optionalDependencies": { "@rspack/binding-darwin-arm64": "2.2.7", "@rspack/binding-darwin-x64": "2.2.7", "@rspack/binding-linux-arm64-gnu": "2.2.7", "@rspack/binding-linux-arm64-musl": "2.2.7", "@rspack/binding-linux-ppc64-gnu": "2.2.7", "@rspack/binding-linux-riscv64-gnu": "2.2.7", "@rspack/binding-linux-riscv64-musl": "2.2.7", "@rspack/binding-linux-s390x-gnu": "2.2.7", "@rspack/binding-linux-x64-gnu": "2.2.7", "@rspack/binding-linux-x64-musl": "2.2.7", "@rspack/binding-wasm32-wasi": "2.2.7", "@rspack/binding-win32-arm64-msvc": "2.2.7", "@rspack/binding-win32-ia32-msvc": "2.2.7", "@rspack/binding-win32-x64-msvc": "2.2.7" } }, "sha512-opY7Sw6iwtBa23CeNj18GOqKBlaJUZXp52kNIGyNq+7jpCQKrJYeX5wiK7uBn8/ZpHQfhwNL2xxu5yzG4JFH1g=="],

    "@rspack/binding-darwin-arm64": ["@rspack/binding-darwin-arm64@2.2.7", "", { "os": "darwin", "cpu": "arm64" }, "sha512-m0ijteZwZfUZeFcbyxwTe6N+I7aceV5/iW39b7fIIoMN/mSv9zL0ieeRzwuFe7mTYGwCuwNieDZHXfMFdp2Q2w=="],

    "@rspack/binding-darwin-x64": ["@rspack/binding-darwin-x64@2.2.7", "", { "os": "darwin", "cpu": "x64" }, "sha512-f27/OubIeCe5Hzze1bm+k/CQ2XX9hk3E/FuK4lym1bjqZ9spWSuolC3sK/yU/Pc3kwMPuf53byUm3FM+QC/blw=="],

    "@rspack/binding-linux-arm64-gnu": ["@rspack/binding-linux-arm64-gnu@2.2.7", "", { "os": "linux", "cpu": "arm64" }, "sha512-uGEX6kY/Pi3wPZgaEk6vTevZOHjKw8qmd5pqWVwRmpLhwvPB7LGqVqx5BMnNYBjsndVUWJQQRlGL8DoVG5IXXQ=="],

    "@rspack/binding-linux-arm64-musl": ["@rspack/binding-linux-arm64-musl@2.2.7", "", { "os": "linux", "cpu": "arm64" }, "sha512-qBvztXsOgdi69zi8BhIUz+yc/alqR/wQVmcdCh+1SbhcsNpMsFUndxvVoR1tOboBsEo//gxOG4GxH8zlemhbUA=="],

    "@rspack/binding-linux-ppc64-gnu": ["@rspack/binding-linux-ppc64-gnu@2.2.7", "", { "os": "linux", "cpu": "ppc64" }, "sha512-t+/tOPoMu3ZZF8I1Wvqd4Jrib1teOOgb0S4jGb4nSVryuDIWgjny0FLGv5xc8RC7e4esVF93D4wF62Kt9Pxfvw=="],

    "@rspack/binding-linux-riscv64-gnu": ["@rspack/binding-linux-riscv64-gnu@2.2.7", "", { "os": "linux", "cpu": "none" }, "sha512-ZkN6K4PRTPqfYI7gPYv1PqgUXKsZDeeFPFoQ4LLiFxhIGczdJY5XAPPoHN+N7d91hAGWi6u+UHYrUp1HvudBOw=="],

    "@rspack/binding-linux-riscv64-musl": ["@rspack/binding-linux-riscv64-musl@2.2.7", "", { "os": "linux", "cpu": "none" }, "sha512-ywcmeNAC59HtVJ4a5jy5cEUA4JNa19QlVtTW09Pzh0+luNEasWaDfOaXJpYJTGWcycVwzMm3A9aNN3MqvO87EQ=="],

    "@rspack/binding-linux-s390x-gnu": ["@rspack/binding-linux-s390x-gnu@2.2.7", "", { "os": "linux", "cpu": "s390x" }, "sha512-U/np+nOj9mka5CdM9FKNkrAShw0UoaarBLzOxbBHu4sqMt3iXQCi91fblLdhUDoWuIQrnV/WrqygFeIP2qAHIw=="],

    "@rspack/binding-linux-x64-gnu": ["@rspack/binding-linux-x64-gnu@2.2.7", "", { "os": "linux", "cpu": "x64" }, "sha512-PkryZX3GZeBQfzvKEhwGGd9m43PwqcsqWd14kmsVADeBCqHLxJahMGiGmajd28vSa42xbw7HTb8yY4jXzv5QtA=="],

    "@rspack/binding-linux-x64-musl": ["@rspack/binding-linux-x64-musl@2.2.7", "", { "os": "linux", "cpu": "x64" }, "sha512-atJn62IgXnc/RhWiFgEiNx7IHAJbHunttzjMpWJLjWiFuJ2c+tLQrTBIiqO3VAIXh+haN1jZLHXuMVj5/J+edA=="],

    "@rspack/binding-wasm32-wasi": ["@rspack/binding-wasm32-wasi@2.2.7", "", { "dependencies": { "@emnapi/core": "1.11.3", "@emnapi/runtime": "1.11.3", "@napi-rs/wasm-runtime": "1.1.6" }, "cpu": "none" }, "sha512-SRDYrqWnD8Y+VNj8+11KggFaVMFSbyu+9WC2f9sygzjFu78GmF0kLKaHNQMaJv6MUMSBk/OhtEbUB4hmH7czVQ=="],

    "@rspack/binding-win32-arm64-msvc": ["@rspack/binding-win32-arm64-msvc@2.2.7", "", { "os": "win32", "cpu": "arm64" }, "sha512-etHFjzSP/jnnrVYuim9C/nhSlN0/tQowVz0CSJOUHtDH7ZZiUsvWtkH9Zx3tDaZOB7sAw9cbL36mbmdkb4U6cw=="],

    "@rspack/binding-win32-ia32-msvc": ["@rspack/binding-win32-ia32-msvc@2.2.7", "", { "os": "win32", "cpu": "ia32" }, "sha512-26HiMUQk8QKVw477gW9HorIQ3r0le3AL4OFigJr1/HAumi5qyOPazck+wWtUDh1R9bSf8etZjkuseBGtjN5+KQ=="],

    "@rspack/binding-win32-x64-msvc": ["@rspack/binding-win32-x64-msvc@2.2.7", "", { "os": "win32", "cpu": "x64" }, "sha512-ut8tVSXP8DWQE/JUwQ1oqwuAaAgySgYF66HpWmxfR9J4nLzGmhd7CnnaCTT3vUyQQNmLKFida/AbiqJ/gWmPrw=="],

    "@rspack/core": ["@rspack/core@2.2.7", "", { "dependencies": { "@rspack/binding": "2.2.7" }, "peerDependencies": { "@module-federation/runtime-tools": "^0.24.1 || ^2.0.0", "@swc/helpers": "^0.5.23" }, "optionalPeers": ["@module-federation/runtime-tools", "@swc/helpers"] }, "sha512-kWKd4lYp13GPAQy2eQITLTvPbl+ST7ffG/MCGHoX138o5eTetMQMe/oc7UAZAfjervAM6UOzEhiiCirPTpRBUQ=="],

    "@rspack/plugin-react-refresh": ["@rspack/plugin-react-refresh@2.0.2", "", { "peerDependencies": { "@rspack/core": "^2.0.0", "react-refresh": ">=0.10.0 <1.0.0" } }, "sha512-dGNZiCxQxgAUI9sah7gd8u+O7OJZRCmqtEJNDOd8xW5RqcieC86F7p5qcShyw6onH5pKf57evpr2VjGbaFGkZg=="],

    "@tybys/wasm-util": ["@tybys/wasm-util@0.10.3", "", { "dependencies": { "tslib": "^2.4.0" } }, "sha512-F3fo1MYrRJYL3zER0OUOmkutjr1Vp23m7OsSgp7nq4SP6OqX6C/56XFIPAl5bt3zaBRjmW7SGz3u/6LwFpYcOg=="],

    "hono": ["hono@4.13.8", "", {}, "sha512-/Gng7NfoykZl2pjukW5Z6+8Yxm3BPRf86GTbQnt0SbySkvax4fyL4H3HhY1cCpBGmiW9XDRFzRV+CXK2W8QudQ=="],

    "react": ["react@19.2.8", "", {}, "sha512-PWaYA1L/q9u2u7xYQi+Y3L3Yfnie7XyLeaJICV1MGD6LprsBxcAqGjYyr0eY3p+QdsA+x/Irkt4Qif8D63+Sbw=="],

    "react-dom": ["react-dom@19.2.8", "", { "dependencies": { "scheduler": "^0.27.0" }, "peerDependencies": { "react": "^19.2.8" } }, "sha512-rVprimfGBG3DR+Tq0IQG2DT5PxKth1WIGDmj5yPmlzr4YBe7uyE+Du4oVqTDXZSHGGGXRtTJEGSSePyQCMBglQ=="],

    "react-refresh": ["react-refresh@0.18.0", "", {}, "sha512-QgT5//D3jfjJb6Gsjxv0Slpj23ip+HtOpnNgnb2S5zU3CB26G/IDPGoy4RJB42wzFE46DRsstbW6tKHoKbhAxw=="],

    "react-server-dom-rspack": ["react-server-dom-rspack@0.1.0", "", { "peerDependencies": { "@rspack/core": "^2.2.0-0", "react": "^19.1.0", "react-dom": "^19.1.0" } }, "sha512-KqDzmxBUZEcAphwg/PnEHOBkqTJjesTmLoBygLHie1gkiLINiZuVKPRccS6qDzfdj9ccYCaJ743IDYVh0wPf/w=="],

    "scheduler": ["scheduler@0.27.0", "", {}, "sha512-eNv+WrVbKu1f3vbYJT/xtiF5syA5HPIMtf9IgY/nKg0sWqzAUEvqY/xm7OcZc/qafLx/iO9FgOmeSAp4v5ti/Q=="],

    "tslib": ["tslib@2.8.1", "", {}, "sha512-oJFu94HQb+KVduSUQL7wnpmqnfmLsOA/nAh6b6EH0wCEoK0/mPeXU6c3wKDV83MkOuHPRHtSXKKU99IBazS/2w=="],
  }
}
